
Microsoft Visual Studio Solution File, Format Version 12.00
# Visual Studio Version 16
VisualStudioVersion = 16.0.28803.452
MinimumVisualStudioVersion = 10.0.40219.1
Project("{FAE04EC0-301F-11D3-BF4B-00C04F79EFBC}") = "ProyectoDefenitivo2", "ProyectoDefenitivo2\ProyectoDefenitivo2.csproj", "{F9465722-9FC4-4DC1-A590-94A40DEDDA61}"
EndProject
Global
	GlobalSection(SolutionConfigurationPlatforms) = preSolution
		Debug|Any CPU = Debug|Any CPU
		Release|Any CPU = Release|Any CPU
	EndGlobalSection
	GlobalSection(ProjectConfigurationPlatforms) = postSolution
		{F9465722-9FC4-4DC1-A590-94A40DEDDA61}.Debug|Any CPU.ActiveCfg = Debug|Any CPU
		{F9465722-9FC4-4DC1-A590-94A40DEDDA61}.Debug|Any CPU.Build.0 = Debug|Any CPU
		{F9465722-9FC4-4DC1-A590-94A40DEDDA61}.Release|Any CPU.ActiveCfg = Release|Any CPU
		{F9465722-9FC4-4DC1-A590-94A40DEDDA61}.Release|Any CPU.Build.0 = Release|Any CPU
	EndGlobalSection
	GlobalSection(SolutionProperties) = preSolution
		HideSolutionNode = FALSE
	EndGlobalSection
	GlobalSection(ExtensibilityGlobals) = postSolution
		SolutionGuid = {595963CC-0032-4D8F-9FCE-C5CB8D82A6A9}
	EndGlobalSection
EndGlobal
